
Microsoft Visual Studio Solution File, Format Version 12.00
# Visual Studio Version 16
VisualStudioVersion = 16.0.31911.196
MinimumVisualStudioVersion = 10.0.40219.1
Project("{FAE04EC0-301F-11D3-BF4B-00C04F79EFBC}") = "Pagging In Asp.net Grid", "Pagging In Asp.net Grid\Pagging In Asp.net Grid.csproj", "{5ADA8B76-86DC-4E04-B22D-66B66158C8F2}"
EndProject
Global
	GlobalSection(SolutionConfigurationPlatforms) = preSolution
		Debug|Any CPU = Debug|Any CPU
		Release|Any CPU = Release|Any CPU
	EndGlobalSection
	GlobalSection(ProjectConfigurationPlatforms) = postSolution
		{5ADA8B76-86DC-4E04-B22D-66B66158C8F2}.Debug|Any CPU.ActiveCfg = Debug|Any CPU
		{5ADA8B76-86DC-4E04-B22D-66B66158C8F2}.Debug|Any CPU.Build.0 = Debug|Any CPU
		{5ADA8B76-86DC-4E04-B22D-66B66158C8F2}.Release|Any CPU.ActiveCfg = Release|Any CPU
		{5ADA8B76-86DC-4E04-B22D-66B66158C8F2}.Release|Any CPU.Build.0 = Release|Any CPU
	EndGlobalSection
	GlobalSection(SolutionProperties) = preSolution
		HideSolutionNode = FALSE
	EndGlobalSection
	GlobalSection(ExtensibilityGlobals) = postSolution
		SolutionGuid = {0B09DEA5-48DC-42B3-8DD6-AA89C303DE00}
	EndGlobalSection
EndGlobal
